
Microsoft Visual Studio Solution File, Format Version 12.00
# Visual Studio Version 16
VisualStudioVersion = 16.0.30011.22
MinimumVisualStudioVersion = 10.0.40219.1
Project("{FAE04EC0-301F-11D3-BF4B-00C04F79EFBC}") = "LoadArt", "LoadArt\LoadArt.csproj", "{ABD25309-1443-4988-BD12-43E20F5307FB}"
EndProject
Global
	GlobalSection(SolutionConfigurationPlatforms) = preSolution
		Debug|Any CPU = Debug|Any CPU
		Release|Any CPU = Release|Any CPU
	EndGlobalSection
	GlobalSection(ProjectConfigurationPlatforms) = postSolution
		{ABD25309-1443-4988-BD12-43E20F5307FB}.Debug|Any CPU.ActiveCfg = Debug|Any CPU
		{ABD25309-1443-4988-BD12-43E20F5307FB}.Debug|Any CPU.Build.0 = Debug|Any CPU
		{ABD25309-1443-4988-BD12-43E20F5307FB}.Release|Any CPU.ActiveCfg = Release|Any CPU
		{ABD25309-1443-4988-BD12-43E20F5307FB}.Release|Any CPU.Build.0 = Release|Any CPU
	EndGlobalSection
	GlobalSection(SolutionProperties) = preSolution
		HideSolutionNode = FALSE
	EndGlobalSection
	GlobalSection(ExtensibilityGlobals) = postSolution
		SolutionGuid = {0E68A098-0378-4FBF-A8A2-D49043140094}
	EndGlobalSection
EndGlobal
